{
  "version": 4,
  "terraform_version": "1.7.5",
  "serial": 78,
  "lineage": "7472bc0e-880a-9979-f6c1-37866d3dd9f1",
  "outputs": {
    "rds_hostname": {
      "value": "gym.cug004zigyrc.us-east-1.rds.amazonaws.com",
      "type": "string"
    },
    "web_server_ip": {
      "value": "18.205.159.101",
      "type": "string"
    }
  },
  "resources": [
    {
      "module": "module.ec2",
      "mode": "managed",
      "type": "aws_instance",
      "name": "web_server_1",
      "provider": "provider[\"registry.terraform.io/hashicorp/aws\"]",
      "instances": [
        {
          "schema_version": 1,
          "attributes": {
            "ami": "ami-080e1f13689e07408",
            "arn": "arn:aws:ec2:us-east-1:535556339197:instance/i-00043387dbd01f955",
            "associate_public_ip_address": true,
            "availability_zone": "us-east-1a",
            "capacity_reservation_specification": [
              {
                "capacity_reservation_preference": "open",
                "capacity_reservation_target": []
              }
            ],
            "cpu_core_count": 1,
            "cpu_options": [
              {
                "amd_sev_snp": "",
                "core_count": 1,
                "threads_per_core": 2
              }
            ],
            "cpu_threads_per_core": 2,
            "credit_specification": [
              {
                "cpu_credits": "unlimited"
              }
            ],
            "disable_api_stop": false,
            "disable_api_termination": false,
            "ebs_block_device": [],
            "ebs_optimized": false,
            "enclave_options": [
              {
                "enabled": false
              }
            ],
            "ephemeral_block_device": [],
            "get_password_data": false,
            "hibernation": false,
            "host_id": "",
            "host_resource_group_arn": null,
            "iam_instance_profile": "",
            "id": "i-00043387dbd01f955",
            "instance_initiated_shutdown_behavior": "stop",
            "instance_state": "running",
            "instance_type": "t3.medium",
            "ipv6_address_count": 0,
            "ipv6_addresses": [],
            "key_name": "lamp-test",
            "launch_template": [],
            "maintenance_options": [
              {
                "auto_recovery": "default"
              }
            ],
            "metadata_options": [
              {
                "http_endpoint": "enabled",
                "http_put_response_hop_limit": 1,
                "http_tokens": "optional",
                "instance_metadata_tags": "disabled"
              }
            ],
            "monitoring": false,
            "network_interface": [],
            "outpost_arn": "",
            "password_data": "",
            "placement_group": "",
            "placement_partition_number": 0,
            "primary_network_interface_id": "eni-0bcc89c1ceefdb603",
            "private_dns": "ip-10-0-1-152.ec2.internal",
            "private_dns_name_options": [
              {
                "enable_resource_name_dns_a_record": false,
                "enable_resource_name_dns_aaaa_record": false,
                "hostname_type": "ip-name"
              }
            ],
            "private_ip": "10.0.1.152",
            "public_dns": "ec2-18-205-159-101.compute-1.amazonaws.com",
            "public_ip": "18.205.159.101",
            "root_block_device": [
              {
                "delete_on_termination": true,
                "device_name": "/dev/sda1",
                "encrypted": false,
                "iops": 100,
                "kms_key_id": "",
                "tags": {},
                "throughput": 0,
                "volume_id": "vol-0ee4027b1d6941b19",
                "volume_size": 8,
                "volume_type": "gp2"
              }
            ],
            "secondary_private_ips": [],
            "security_groups": [],
            "source_dest_check": true,
            "subnet_id": "subnet-0b8fb322b741f9478",
            "tags": {
              "Environment": "Dev",
              "Name": "web_server"
            },
            "tags_all": {
              "Environment": "Dev",
              "Name": "web_server"
            },
            "tenancy": "default",
            "timeouts": null,
            "user_data": null,
            "user_data_base64": null,
            "user_data_replace_on_change": false,
            "volume_tags": null,
            "vpc_security_group_ids": [
              "sg-0cf9df5b31cba7cbe"
            ]
          },
          "sensitive_attributes": [],
          "private": "eyJlMmJmYjczMC1lY2FhLTExZTYtOGY4OC0zNDM2M2JjN2M0YzAiOnsiY3JlYXRlIjo2MDAwMDAwMDAwMDAsImRlbGV0ZSI6MTIwMDAwMDAwMDAwMCwidXBkYXRlIjo2MDAwMDAwMDAwMDB9LCJzY2hlbWFfdmVyc2lvbiI6IjEifQ==",
          "dependencies": [
            "module.key-pair.aws_key_pair.deployer",
            "module.key-pair.tls_private_key.web-key",
            "module.sg.aws_security_group.allow_web",
            "module.vpc.aws_subnet.public_subnets",
            "module.vpc.aws_vpc.main_vpc"
          ]
        }
      ]
    },
    {
      "module": "module.key-pair",
      "mode": "managed",
      "type": "aws_key_pair",
      "name": "deployer",
      "provider": "provider[\"registry.terraform.io/hashicorp/aws\"]",
      "instances": [
        {
          "schema_version": 1,
          "attributes": {
            "arn": "arn:aws:ec2:us-east-1:535556339197:key-pair/lamp-test",
            "fingerprint": "79:6e:c0:fa:0e:f2:4c:fa:3f:16:29:49:60:e7:7d:d4",
            "id": "lamp-test",
            "key_name": "lamp-test",
            "key_name_prefix": "",
            "key_pair_id": "key-0359b438c48b61631",
            "key_type": "rsa",
            "public_key": "ssh-rsa AAAAB3NzaC1yc2EAAAADAQABAAABAQDBFEdgpUaZRN0sqflDhCZNiGkY307z9xbV0GHCvTGJzQXpJWQlgMOl2PH3uNGRXQVB6ad/5YvpeE8zicZh3egl2QKTsEVh3rqRq4vTMyGHAGy6DvUn++zgGdH/vAsCaqwaDG6mNT8y4WNkoQkbvn6a5rRm1oloF1NiQ7eYIL6s9Uy7e+IKwolpT1ERXaqYLlk6A/3iMJJH2zSIvQrKwpjjN1dBck75FXCs40BeQqOA1kD9XGM4P/tp/Uj7zYIb6OraTLIWBBDDZIBZiWSbUKw5sw7hnffBJ3yzpVvXMorkAYL96ScscaBnsaEbXl3TK3IRgQZ+cP1xKZl3W0BQT3tT",
            "tags": {},
            "tags_all": {}
          },
          "sensitive_attributes": [],
          "private": "eyJzY2hlbWFfdmVyc2lvbiI6IjEifQ==",
          "dependencies": [
            "module.key-pair.tls_private_key.web-key"
          ]
        }
      ]
    },
    {
      "module": "module.key-pair",
      "mode": "managed",
      "type": "local_file",
      "name": "web-test",
      "provider": "provider[\"registry.terraform.io/hashicorp/local\"]",
      "instances": [
        {
          "schema_version": 0,
          "attributes": {
            "content": "-----BEGIN RSA PRIVATE KEY-----\nMIIEowIBAAKCAQEAwRRHYKVGmUTdLKn5Q4QmTYhpGN9O8/cW1dBhwr0xic0F6SVk\nJYDDpdjx97jRkV0FQemnf+WL6XhPM4nGYd3oJdkCk7BFYd66kauL0zMhhwBsug71\nJ/vs4BnR/7wLAmqsGgxupjU/MuFjZKEJG75+mua0ZtaJaBdTYkO3mCC+rPVMu3vi\nCsKJaU9REV2qmC5ZOgP94jCSR9s0iL0KysKY4zdXQXJO+RVwrONAXkKjgNZA/Vxj\nOD/7af1I+82CG+jq2kyyFgQQw2SAWYlkm1CsObMO4Z33wSd8s6Vb1zKK5AGC/ekn\nLHGgZ7GhG15d0ytyEYEGfnD9cSmZd1tAUE97UwIDAQABAoIBAQCiCHmqQqmPwLn4\nXKDCJ2nZkUvZwrXIiakRQLJ6MjobkgKO2YFE8929FeZiZSkCW9UoroSSEbqr8PpO\nnyXsRcUn1gmSldB0RO2/h/5s/LD7UcDtF9ZnesUcgK66dj2rBohtx9coBvGFqp61\n+WribKhlKI1m7E4eG80vXvL5aSl7jV2jLwhlAg+K2vmsH/6O38FK22W5Lm2n5DmC\nQfwntEYUWYwMm23Ut+z2p1wKeiyIyKDpdlRYP+tIBQPTmjysu8l/Z/ZIV5T8NIoB\nDNjIFb5wSRmtGcdjJx/YY95yeQTueWrLb6uo9MowfiOIdbzb5+5KcjMeEBu5iL8c\njWoIWrCBAoGBAMl7ecdek6Xf8ArGbpO8sN9X7u3tKLQUqXSdibRi1NM79dgtusEQ\n1V5gWhALitW5tCckGHi8O83VmxRS2w7nhC6vOJTCPKFdJI6IjXWg4NSMoJ1gyOSY\nm/Cwpkh24zunwPCErouYtrXxJMOakN4SPFuVT9xEelfT6+piMJXxL4PBAoGBAPVS\nudyUYvZWSQJPtg2MefFFhBPEP9+MX3mTY34OOQd2VmE+qb3znjZ9nOEXv1qD9PKk\nbyKVgPwdes5fH9TUvRtUz1IRRQi/R/arGv1vlQkCpknfb4D+dwGMS5udmr2VxLmk\nmA26nOIuYiK4J4JADFddQBztSpW5mEKQMNSGZbQTAoGAYMuWRMbWDiGYk8SjCQzk\nuFfpbJq8LE+k3WZ16ph0gIrU4CeQCgLJTw7hFcZFy8nsl8VKkG52GLwfRdNMdEub\ngEYj26u5LxitYGCP/Uvt14879n+x48jBWg+zwyqCnn1IPwSvSldyp9QTAnn2UQnX\nv3PrKvonAJzKQQ8tIkv9tMECgYBnwZNGTaQFV70NMzVmSZGRj7squQfivnXq74FW\n4SERnOUvv9b+tbimhz4AnZCa8dB5hz5RvDWPa9By1BycYVWR566/oPo3lt8S3o9N\nvRGle+9ksxFv1y/yAapAqMm3gU5wzcJZnCGaL8/lq0lad0hA8vmYwmuXI6XYES/1\n0tnU7QKBgAUaxzJ3S3e5yUJOfOjdzg8TNHT0AjcZWL6ZSInikKZ3pGhvCJixml4J\nOoYXQmTZ40BZiq7XKk9IyC/tEwVobcqacxYT7pSDOfPcYfjcs5ZuvO4EOybK5AY7\nd4y++6OpyXVc7fHmnujfNwfTPszhyPO6RHWZ7EIY/mi3eL/QX5d6\n-----END RSA PRIVATE KEY-----\n",
            "content_base64": null,
            "content_base64sha256": "GdRD3Z1X2iN6yOZDqtliShtVizwYNkunPwR/EqdokaQ=",
            "content_base64sha512": "ajUJ4sasRrghvh9yZN40qrUAelYuDROe0Wx46Fsn85UQFNOR7N/sD+AkdZaIEJH357XJMigQd15rRtqDOHRzEw==",
            "content_md5": "eeea6e34dd3de77f250fc98bbee7aaf6",
            "content_sha1": "1e92acf9b7f51e8ffd1590beb9ca157353a2ad0f",
            "content_sha256": "19d443dd9d57da237ac8e643aad9624a1b558b3c18364ba73f047f12a76891a4",
            "content_sha512": "6a3509e2c6ac46b821be1f7264de34aab5007a562e0d139ed16c78e85b27f3951014d391ecdfec0fe0247596881091f7e7b5c9322810775e6b46da8338747313",
            "directory_permission": "0777",
            "file_permission": "400",
            "filename": "/home/rajasekhar/.ssh/lamp-test.pem",
            "id": "1e92acf9b7f51e8ffd1590beb9ca157353a2ad0f",
            "sensitive_content": null,
            "source": null
          },
          "sensitive_attributes": [
            [
              {
                "type": "get_attr",
                "value": "content"
              }
            ]
          ],
          "dependencies": [
            "module.key-pair.tls_private_key.web-key"
          ]
        }
      ]
    },
    {
      "module": "module.key-pair",
      "mode": "managed",
      "type": "tls_private_key",
      "name": "web-key",
      "provider": "provider[\"registry.terraform.io/hashicorp/tls\"]",
      "instances": [
        {
          "schema_version": 1,
          "attributes": {
            "algorithm": "RSA",
            "ecdsa_curve": "P224",
            "id": "fc95db930706c318246ba8aaeb6c38e0d6ba542c",
            "private_key_openssh": "-----BEGIN OPENSSH PRIVATE KEY-----\nb3BlbnNzaC1rZXktdjEAAAAABG5vbmUAAAAEbm9uZQAAAAAAAAABAAABFwAAAAdz\nc2gtcnNhAAAAAwEAAQAAAQEAwRRHYKVGmUTdLKn5Q4QmTYhpGN9O8/cW1dBhwr0x\nic0F6SVkJYDDpdjx97jRkV0FQemnf+WL6XhPM4nGYd3oJdkCk7BFYd66kauL0zMh\nhwBsug71J/vs4BnR/7wLAmqsGgxupjU/MuFjZKEJG75+mua0ZtaJaBdTYkO3mCC+\nrPVMu3viCsKJaU9REV2qmC5ZOgP94jCSR9s0iL0KysKY4zdXQXJO+RVwrONAXkKj\ngNZA/VxjOD/7af1I+82CG+jq2kyyFgQQw2SAWYlkm1CsObMO4Z33wSd8s6Vb1zKK\n5AGC/eknLHGgZ7GhG15d0ytyEYEGfnD9cSmZd1tAUE97UwAAA7hsjcitbI3IrQAA\nAAdzc2gtcnNhAAABAQDBFEdgpUaZRN0sqflDhCZNiGkY307z9xbV0GHCvTGJzQXp\nJWQlgMOl2PH3uNGRXQVB6ad/5YvpeE8zicZh3egl2QKTsEVh3rqRq4vTMyGHAGy6\nDvUn++zgGdH/vAsCaqwaDG6mNT8y4WNkoQkbvn6a5rRm1oloF1NiQ7eYIL6s9Uy7\ne+IKwolpT1ERXaqYLlk6A/3iMJJH2zSIvQrKwpjjN1dBck75FXCs40BeQqOA1kD9\nXGM4P/tp/Uj7zYIb6OraTLIWBBDDZIBZiWSbUKw5sw7hnffBJ3yzpVvXMorkAYL9\n6ScscaBnsaEbXl3TK3IRgQZ+cP1xKZl3W0BQT3tTAAAAAwEAAQAAAQEAogh5qkKp\nj8C5+Fygwidp2ZFL2cK1yImpEUCyejI6G5ICjtmBRPPdvRXmYmUpAlvVKK6EkhG6\nq/D6Tp8l7EXFJ9YJkpXQdETtv4f+bPyw+1HA7RfWZ3rFHICuunY9qwaIbcfXKAbx\nhaqetflq4myoZSiNZuxOHhvNL17y+Wkpe41doy8IZQIPitr5rB/+jt/BSttluS5t\np+Q5gkH8J7RGFFmMDJtt1Lfs9qdcCnosiMig6XZUWD/rSAUD05o8rLvJf2f2SFeU\n/DSKAQzYyBW+cEkZrRnHYycf2GPecnkE7nlqy2+rqPTKMH4jiHW82+fuSnIzHhAb\nuYi/HI1qCFqwgQAAAIAFGscyd0t3uclCTnzo3c4PEzR09AI3GVi+mUiJ4pCmd6Ro\nbwiYsZpeCTqGF0Jk2eNAWYqu1ypPSMgv7RMFaG3KmnMWE+6Ugznz3GH43LOWbrzu\nBDsmyuQGO3eMvvujqcl1XO3x5p7o3zcH0z7M4cjzukR1mexCGP5ot3i/0F+XegAA\nAIEAyXt5x16Tpd/wCsZuk7yw31fu7e0otBSpdJ2JtGLU0zv12C26wRDVXmBaEAuK\n1bm0JyQYeLw7zdWbFFLbDueELq84lMI8oV0kjoiNdaDg1IygnWDI5Jib8LCmSHbj\nO6fA8ISui5i2tfEkw5qQ3hI8W5VP3ER6V9Pr6mIwlfEvg8EAAACBAPVSudyUYvZW\nSQJPtg2MefFFhBPEP9+MX3mTY34OOQd2VmE+qb3znjZ9nOEXv1qD9PKkbyKVgPwd\nes5fH9TUvRtUz1IRRQi/R/arGv1vlQkCpknfb4D+dwGMS5udmr2VxLmkmA26nOIu\nYiK4J4JADFddQBztSpW5mEKQMNSGZbQTAAAAAAEC\n-----END OPENSSH PRIVATE KEY-----\n",
            "private_key_pem": "-----BEGIN RSA PRIVATE KEY-----\nMIIEowIBAAKCAQEAwRRHYKVGmUTdLKn5Q4QmTYhpGN9O8/cW1dBhwr0xic0F6SVk\nJYDDpdjx97jRkV0FQemnf+WL6XhPM4nGYd3oJdkCk7BFYd66kauL0zMhhwBsug71\nJ/vs4BnR/7wLAmqsGgxupjU/MuFjZKEJG75+mua0ZtaJaBdTYkO3mCC+rPVMu3vi\nCsKJaU9REV2qmC5ZOgP94jCSR9s0iL0KysKY4zdXQXJO+RVwrONAXkKjgNZA/Vxj\nOD/7af1I+82CG+jq2kyyFgQQw2SAWYlkm1CsObMO4Z33wSd8s6Vb1zKK5AGC/ekn\nLHGgZ7GhG15d0ytyEYEGfnD9cSmZd1tAUE97UwIDAQABAoIBAQCiCHmqQqmPwLn4\nXKDCJ2nZkUvZwrXIiakRQLJ6MjobkgKO2YFE8929FeZiZSkCW9UoroSSEbqr8PpO\nnyXsRcUn1gmSldB0RO2/h/5s/LD7UcDtF9ZnesUcgK66dj2rBohtx9coBvGFqp61\n+WribKhlKI1m7E4eG80vXvL5aSl7jV2jLwhlAg+K2vmsH/6O38FK22W5Lm2n5DmC\nQfwntEYUWYwMm23Ut+z2p1wKeiyIyKDpdlRYP+tIBQPTmjysu8l/Z/ZIV5T8NIoB\nDNjIFb5wSRmtGcdjJx/YY95yeQTueWrLb6uo9MowfiOIdbzb5+5KcjMeEBu5iL8c\njWoIWrCBAoGBAMl7ecdek6Xf8ArGbpO8sN9X7u3tKLQUqXSdibRi1NM79dgtusEQ\n1V5gWhALitW5tCckGHi8O83VmxRS2w7nhC6vOJTCPKFdJI6IjXWg4NSMoJ1gyOSY\nm/Cwpkh24zunwPCErouYtrXxJMOakN4SPFuVT9xEelfT6+piMJXxL4PBAoGBAPVS\nudyUYvZWSQJPtg2MefFFhBPEP9+MX3mTY34OOQd2VmE+qb3znjZ9nOEXv1qD9PKk\nbyKVgPwdes5fH9TUvRtUz1IRRQi/R/arGv1vlQkCpknfb4D+dwGMS5udmr2VxLmk\nmA26nOIuYiK4J4JADFddQBztSpW5mEKQMNSGZbQTAoGAYMuWRMbWDiGYk8SjCQzk\nuFfpbJq8LE+k3WZ16ph0gIrU4CeQCgLJTw7hFcZFy8nsl8VKkG52GLwfRdNMdEub\ngEYj26u5LxitYGCP/Uvt14879n+x48jBWg+zwyqCnn1IPwSvSldyp9QTAnn2UQnX\nv3PrKvonAJzKQQ8tIkv9tMECgYBnwZNGTaQFV70NMzVmSZGRj7squQfivnXq74FW\n4SERnOUvv9b+tbimhz4AnZCa8dB5hz5RvDWPa9By1BycYVWR566/oPo3lt8S3o9N\nvRGle+9ksxFv1y/yAapAqMm3gU5wzcJZnCGaL8/lq0lad0hA8vmYwmuXI6XYES/1\n0tnU7QKBgAUaxzJ3S3e5yUJOfOjdzg8TNHT0AjcZWL6ZSInikKZ3pGhvCJixml4J\nOoYXQmTZ40BZiq7XKk9IyC/tEwVobcqacxYT7pSDOfPcYfjcs5ZuvO4EOybK5AY7\nd4y++6OpyXVc7fHmnujfNwfTPszhyPO6RHWZ7EIY/mi3eL/QX5d6\n-----END RSA PRIVATE KEY-----\n",
            "private_key_pem_pkcs8": "-----BEGIN PRIVATE KEY-----\nMIIEvQIBADANBgkqhkiG9w0BAQEFAASCBKcwggSjAgEAAoIBAQDBFEdgpUaZRN0s\nqflDhCZNiGkY307z9xbV0GHCvTGJzQXpJWQlgMOl2PH3uNGRXQVB6ad/5YvpeE8z\nicZh3egl2QKTsEVh3rqRq4vTMyGHAGy6DvUn++zgGdH/vAsCaqwaDG6mNT8y4WNk\noQkbvn6a5rRm1oloF1NiQ7eYIL6s9Uy7e+IKwolpT1ERXaqYLlk6A/3iMJJH2zSI\nvQrKwpjjN1dBck75FXCs40BeQqOA1kD9XGM4P/tp/Uj7zYIb6OraTLIWBBDDZIBZ\niWSbUKw5sw7hnffBJ3yzpVvXMorkAYL96ScscaBnsaEbXl3TK3IRgQZ+cP1xKZl3\nW0BQT3tTAgMBAAECggEBAKIIeapCqY/AufhcoMInadmRS9nCtciJqRFAsnoyOhuS\nAo7ZgUTz3b0V5mJlKQJb1SiuhJIRuqvw+k6fJexFxSfWCZKV0HRE7b+H/mz8sPtR\nwO0X1md6xRyArrp2PasGiG3H1ygG8YWqnrX5auJsqGUojWbsTh4bzS9e8vlpKXuN\nXaMvCGUCD4ra+awf/o7fwUrbZbkubafkOYJB/Ce0RhRZjAybbdS37PanXAp6LIjI\noOl2VFg/60gFA9OaPKy7yX9n9khXlPw0igEM2MgVvnBJGa0Zx2MnH9hj3nJ5BO55\nastvq6j0yjB+I4h1vNvn7kpyMx4QG7mIvxyNaghasIECgYEAyXt5x16Tpd/wCsZu\nk7yw31fu7e0otBSpdJ2JtGLU0zv12C26wRDVXmBaEAuK1bm0JyQYeLw7zdWbFFLb\nDueELq84lMI8oV0kjoiNdaDg1IygnWDI5Jib8LCmSHbjO6fA8ISui5i2tfEkw5qQ\n3hI8W5VP3ER6V9Pr6mIwlfEvg8ECgYEA9VK53JRi9lZJAk+2DYx58UWEE8Q/34xf\neZNjfg45B3ZWYT6pvfOeNn2c4Re/WoP08qRvIpWA/B16zl8f1NS9G1TPUhFFCL9H\n9qsa/W+VCQKmSd9vgP53AYxLm52avZXEuaSYDbqc4i5iIrgngkAMV11AHO1KlbmY\nQpAw1IZltBMCgYBgy5ZExtYOIZiTxKMJDOS4V+lsmrwsT6TdZnXqmHSAitTgJ5AK\nAslPDuEVxkXLyeyXxUqQbnYYvB9F00x0S5uARiPbq7kvGK1gYI/9S+3Xjzv2f7Hj\nyMFaD7PDKoKefUg/BK9KV3Kn1BMCefZRCde/c+sq+icAnMpBDy0iS/20wQKBgGfB\nk0ZNpAVXvQ0zNWZJkZGPuyq5B+K+dervgVbhIRGc5S+/1v61uKaHPgCdkJrx0HmH\nPlG8NY9r0HLUHJxhVZHnrr+g+jeW3xLej029EaV772SzEW/XL/IBqkCoybeBTnDN\nwlmcIZovz+WrSVp3SEDy+ZjCa5cjpdgRL/XS2dTtAoGABRrHMndLd7nJQk586N3O\nDxM0dPQCNxlYvplIieKQpnekaG8ImLGaXgk6hhdCZNnjQFmKrtcqT0jIL+0TBWht\nyppzFhPulIM589xh+Nyzlm687gQ7JsrkBjt3jL77o6nJdVzt8eae6N83B9M+zOHI\n87pEdZnsQhj+aLd4v9Bfl3o=\n-----END PRIVATE KEY-----\n",
            "public_key_fingerprint_md5": "3e:93:ae:d8:e0:f3:35:19:be:43:bd:25:00:47:74:54",
            "public_key_fingerprint_sha256": "SHA256:XO2k/3F2XAgukMRxnU68AkHOzMOMlBIbz2nV+XjkWaw",
            "public_key_openssh": "ssh-rsa AAAAB3NzaC1yc2EAAAADAQABAAABAQDBFEdgpUaZRN0sqflDhCZNiGkY307z9xbV0GHCvTGJzQXpJWQlgMOl2PH3uNGRXQVB6ad/5YvpeE8zicZh3egl2QKTsEVh3rqRq4vTMyGHAGy6DvUn++zgGdH/vAsCaqwaDG6mNT8y4WNkoQkbvn6a5rRm1oloF1NiQ7eYIL6s9Uy7e+IKwolpT1ERXaqYLlk6A/3iMJJH2zSIvQrKwpjjN1dBck75FXCs40BeQqOA1kD9XGM4P/tp/Uj7zYIb6OraTLIWBBDDZIBZiWSbUKw5sw7hnffBJ3yzpVvXMorkAYL96ScscaBnsaEbXl3TK3IRgQZ+cP1xKZl3W0BQT3tT\n",
            "public_key_pem": "-----BEGIN PUBLIC KEY-----\nMIIBIjANBgkqhkiG9w0BAQEFAAOCAQ8AMIIBCgKCAQEAwRRHYKVGmUTdLKn5Q4Qm\nTYhpGN9O8/cW1dBhwr0xic0F6SVkJYDDpdjx97jRkV0FQemnf+WL6XhPM4nGYd3o\nJdkCk7BFYd66kauL0zMhhwBsug71J/vs4BnR/7wLAmqsGgxupjU/MuFjZKEJG75+\nmua0ZtaJaBdTYkO3mCC+rPVMu3viCsKJaU9REV2qmC5ZOgP94jCSR9s0iL0KysKY\n4zdXQXJO+RVwrONAXkKjgNZA/VxjOD/7af1I+82CG+jq2kyyFgQQw2SAWYlkm1Cs\nObMO4Z33wSd8s6Vb1zKK5AGC/eknLHGgZ7GhG15d0ytyEYEGfnD9cSmZd1tAUE97\nUwIDAQAB\n-----END PUBLIC KEY-----\n",
            "rsa_bits": 2048
          },
          "sensitive_attributes": []
        }
      ]
    },
    {
      "module": "module.rds",
      "mode": "managed",
      "type": "aws_db_instance",
      "name": "db_instance",
      "provider": "provider[\"registry.terraform.io/hashicorp/aws\"]",
      "instances": [
        {
          "schema_version": 1,
          "attributes": {
            "address": "gym.cug004zigyrc.us-east-1.rds.amazonaws.com",
            "allocated_storage": 20,
            "allow_major_version_upgrade": null,
            "apply_immediately": false,
            "arn": "arn:aws:rds:us-east-1:535556339197:db:gym",
            "auto_minor_version_upgrade": true,
            "availability_zone": "us-east-1a",
            "backup_retention_period": 0,
            "backup_window": "09:57-10:27",
            "blue_green_update": [],
            "ca_cert_identifier": "rds-ca-rsa2048-g1",
            "character_set_name": "",
            "copy_tags_to_snapshot": false,
            "custom_iam_instance_profile": "",
            "customer_owned_ip_enabled": false,
            "db_name": "",
            "db_subnet_group_name": "db_subnet_group",
            "delete_automated_backups": true,
            "deletion_protection": false,
            "domain": "",
            "domain_iam_role_name": "",
            "enabled_cloudwatch_logs_exports": [],
            "endpoint": "gym.cug004zigyrc.us-east-1.rds.amazonaws.com:3306",
            "engine": "mysql",
            "engine_version": "5.7",
            "engine_version_actual": "5.7.44",
            "final_snapshot_identifier": null,
            "hosted_zone_id": "Z2R2ITUGPM61AM",
            "iam_database_authentication_enabled": false,
            "id": "gym",
            "identifier": "gym",
            "identifier_prefix": "",
            "instance_class": "db.t3.medium",
            "iops": 0,
            "kms_key_id": "",
            "latest_restorable_time": "",
            "license_model": "general-public-license",
            "listener_endpoint": [],
            "maintenance_window": "thu:05:01-thu:05:31",
            "manage_master_user_password": null,
            "master_user_secret": [],
            "master_user_secret_kms_key_id": null,
            "max_allocated_storage": 0,
            "monitoring_interval": 0,
            "monitoring_role_arn": "",
            "multi_az": false,
            "name": "",
            "nchar_character_set_name": "",
            "network_type": "IPV4",
            "option_group_name": "default:mysql-5-7",
            "parameter_group_name": "default.mysql5.7",
            "password": "Password0123",
            "performance_insights_enabled": false,
            "performance_insights_kms_key_id": "",
            "performance_insights_retention_period": 0,
            "port": 3306,
            "publicly_accessible": false,
            "replica_mode": "",
            "replicas": [],
            "replicate_source_db": "",
            "resource_id": "db-DRMWXSXHQIAN4PEQWV2HVM3MO4",
            "restore_to_point_in_time": [],
            "s3_import": [],
            "security_group_names": [],
            "skip_final_snapshot": true,
            "snapshot_identifier": null,
            "status": "available",
            "storage_encrypted": false,
            "storage_throughput": 0,
            "storage_type": "gp2",
            "tags": {
              "Name": "db instance"
            },
            "tags_all": {
              "Name": "db instance"
            },
            "timeouts": null,
            "timezone": "",
            "username": "admin",
            "vpc_security_group_ids": [
              "sg-033a0d15f58b5f6a2"
            ]
          },
          "sensitive_attributes": [
            [
              {
                "type": "get_attr",
                "value": "password"
              }
            ]
          ],
          "private": "eyJlMmJmYjczMC1lY2FhLTExZTYtOGY4OC0zNDM2M2JjN2M0YzAiOnsiY3JlYXRlIjoyNDAwMDAwMDAwMDAwLCJkZWxldGUiOjM2MDAwMDAwMDAwMDAsInVwZGF0ZSI6NDgwMDAwMDAwMDAwMH0sInNjaGVtYV92ZXJzaW9uIjoiMSJ9",
          "dependencies": [
            "module.rds.aws_db_subnet_group.db_subnet_group",
            "module.sg.aws_security_group.allow_web",
            "module.sg.aws_security_group.database_sg",
            "module.vpc.aws_subnet.private_subnets",
            "module.vpc.aws_vpc.main_vpc"
          ]
        }
      ]
    },
    {
      "module": "module.rds",
      "mode": "managed",
      "type": "aws_db_subnet_group",
      "name": "db_subnet_group",
      "provider": "provider[\"registry.terraform.io/hashicorp/aws\"]",
      "instances": [
        {
          "schema_version": 0,
          "attributes": {
            "arn": "arn:aws:rds:us-east-1:535556339197:subgrp:db_subnet_group",
            "description": "Managed by Terraform",
            "id": "db_subnet_group",
            "name": "db_subnet_group",
            "name_prefix": "",
            "subnet_ids": [
              "subnet-08b3131b9c7cce58d",
              "subnet-0e7591cf94de43a64"
            ],
            "supported_network_types": [
              "IPV4"
            ],
            "tags": {},
            "tags_all": {},
            "vpc_id": "vpc-0f602cd6b9fe39246"
          },
          "sensitive_attributes": [],
          "private": "bnVsbA==",
          "dependencies": [
            "module.vpc.aws_subnet.private_subnets",
            "module.vpc.aws_vpc.main_vpc"
          ]
        }
      ]
    },
    {
      "module": "module.sg",
      "mode": "managed",
      "type": "aws_security_group",
      "name": "allow_web",
      "provider": "provider[\"registry.terraform.io/hashicorp/aws\"]",
      "instances": [
        {
          "schema_version": 1,
          "attributes": {
            "arn": "arn:aws:ec2:us-east-1:535556339197:security-group/sg-0cf9df5b31cba7cbe",
            "description": "Allow TLS inbound traffic",
            "egress": [
              {
                "cidr_blocks": [
                  "0.0.0.0/0"
                ],
                "description": "",
                "from_port": 0,
                "ipv6_cidr_blocks": [],
                "prefix_list_ids": [],
                "protocol": "-1",
                "security_groups": [],
                "self": false,
                "to_port": 0
              }
            ],
            "id": "sg-0cf9df5b31cba7cbe",
            "ingress": [
              {
                "cidr_blocks": [
                  "0.0.0.0/0"
                ],
                "description": "HTTP from VPC",
                "from_port": 80,
                "ipv6_cidr_blocks": [],
                "prefix_list_ids": [],
                "protocol": "tcp",
                "security_groups": [],
                "self": false,
                "to_port": 80
              },
              {
                "cidr_blocks": [
                  "0.0.0.0/0"
                ],
                "description": "SSHrom VPC",
                "from_port": 22,
                "ipv6_cidr_blocks": [],
                "prefix_list_ids": [],
                "protocol": "tcp",
                "security_groups": [],
                "self": false,
                "to_port": 22
              }
            ],
            "name": "allow_web_traffic",
            "name_prefix": "",
            "owner_id": "535556339197",
            "revoke_rules_on_delete": false,
            "tags": {
              "Name": "allow_web"
            },
            "tags_all": {
              "Name": "allow_web"
            },
            "timeouts": null,
            "vpc_id": "vpc-0f602cd6b9fe39246"
          },
          "sensitive_attributes": [],
          "private": "eyJlMmJmYjczMC1lY2FhLTExZTYtOGY4OC0zNDM2M2JjN2M0YzAiOnsiY3JlYXRlIjo2MDAwMDAwMDAwMDAsImRlbGV0ZSI6OTAwMDAwMDAwMDAwfSwic2NoZW1hX3ZlcnNpb24iOiIxIn0=",
          "dependencies": [
            "module.vpc.aws_vpc.main_vpc"
          ]
        }
      ]
    },
    {
      "module": "module.sg",
      "mode": "managed",
      "type": "aws_security_group",
      "name": "database_sg",
      "provider": "provider[\"registry.terraform.io/hashicorp/aws\"]",
      "instances": [
        {
          "schema_version": 1,
          "attributes": {
            "arn": "arn:aws:ec2:us-east-1:535556339197:security-group/sg-033a0d15f58b5f6a2",
            "description": "Allow TLS inbound traffic",
            "egress": [],
            "id": "sg-033a0d15f58b5f6a2",
            "ingress": [
              {
                "cidr_blocks": [],
                "description": "",
                "from_port": 3306,
                "ipv6_cidr_blocks": [],
                "prefix_list_ids": [],
                "protocol": "tcp",
                "security_groups": [
                  "sg-0cf9df5b31cba7cbe"
                ],
                "self": false,
                "to_port": 3306
              }
            ],
            "name": "DB-sg",
            "name_prefix": "",
            "owner_id": "535556339197",
            "revoke_rules_on_delete": false,
            "tags": {
              "Name": "db-sg"
            },
            "tags_all": {
              "Name": "db-sg"
            },
            "timeouts": null,
            "vpc_id": "vpc-0f602cd6b9fe39246"
          },
          "sensitive_attributes": [],
          "private": "eyJlMmJmYjczMC1lY2FhLTExZTYtOGY4OC0zNDM2M2JjN2M0YzAiOnsiY3JlYXRlIjo2MDAwMDAwMDAwMDAsImRlbGV0ZSI6OTAwMDAwMDAwMDAwfSwic2NoZW1hX3ZlcnNpb24iOiIxIn0=",
          "dependencies": [
            "module.sg.aws_security_group.allow_web",
            "module.vpc.aws_vpc.main_vpc"
          ]
        }
      ]
    },
    {
      "module": "module.vpc",
      "mode": "managed",
      "type": "aws_eip",
      "name": "web_eip",
      "provider": "provider[\"registry.terraform.io/hashicorp/aws\"]",
      "instances": [
        {
          "index_key": 0,
          "schema_version": 0,
          "attributes": {
            "address": null,
            "allocation_id": "eipalloc-0f1147459687f47f7",
            "associate_with_private_ip": null,
            "association_id": "eipassoc-0a4c77cf9441d94b5",
            "carrier_ip": "",
            "customer_owned_ip": "",
            "customer_owned_ipv4_pool": "",
            "domain": "vpc",
            "id": "eipalloc-0f1147459687f47f7",
            "instance": "",
            "network_border_group": "us-east-1",
            "network_interface": "eni-0f74969122cafc693",
            "private_dns": "ip-10-0-1-57.ec2.internal",
            "private_ip": "10.0.1.57",
            "public_dns": "ec2-50-16-100-254.compute-1.amazonaws.com",
            "public_ip": "50.16.100.254",
            "public_ipv4_pool": "amazon",
            "tags": {
              "Name": "eip-1"
            },
            "tags_all": {
              "Name": "eip-1"
            },
            "timeouts": null,
            "vpc": true
          },
          "sensitive_attributes": [],
          "private": "eyJlMmJmYjczMC1lY2FhLTExZTYtOGY4OC0zNDM2M2JjN2M0YzAiOnsiZGVsZXRlIjoxODAwMDAwMDAwMDAsInJlYWQiOjkwMDAwMDAwMDAwMCwidXBkYXRlIjozMDAwMDAwMDAwMDB9fQ==",
          "dependencies": [
            "module.vpc.aws_internet_gateway.app_ig",
            "module.vpc.aws_vpc.main_vpc"
          ]
        },
        {
          "index_key": 1,
          "schema_version": 0,
          "attributes": {
            "address": null,
            "allocation_id": "eipalloc-02b3b0591406db13c",
            "associate_with_private_ip": null,
            "association_id": "eipassoc-021264e18fe9c0cea",
            "carrier_ip": "",
            "customer_owned_ip": "",
            "customer_owned_ipv4_pool": "",
            "domain": "vpc",
            "id": "eipalloc-02b3b0591406db13c",
            "instance": "",
            "network_border_group": "us-east-1",
            "network_interface": "eni-03408627b829eed07",
            "private_dns": "ip-10-0-1-168.ec2.internal",
            "private_ip": "10.0.1.168",
            "public_dns": "ec2-52-7-206-243.compute-1.amazonaws.com",
            "public_ip": "52.7.206.243",
            "public_ipv4_pool": "amazon",
            "tags": {
              "Name": "eip-2"
            },
            "tags_all": {
              "Name": "eip-2"
            },
            "timeouts": null,
            "vpc": true
          },
          "sensitive_attributes": [],
          "private": "eyJlMmJmYjczMC1lY2FhLTExZTYtOGY4OC0zNDM2M2JjN2M0YzAiOnsiZGVsZXRlIjoxODAwMDAwMDAwMDAsInJlYWQiOjkwMDAwMDAwMDAwMCwidXBkYXRlIjozMDAwMDAwMDAwMDB9fQ==",
          "dependencies": [
            "module.vpc.aws_internet_gateway.app_ig",
            "module.vpc.aws_vpc.main_vpc"
          ]
        }
      ]
    },
    {
      "module": "module.vpc",
      "mode": "managed",
      "type": "aws_internet_gateway",
      "name": "app_ig",
      "provider": "provider[\"registry.terraform.io/hashicorp/aws\"]",
      "instances": [
        {
          "schema_version": 0,
          "attributes": {
            "arn": "arn:aws:ec2:us-east-1:535556339197:internet-gateway/igw-0b43601f552af42ed",
            "id": "igw-0b43601f552af42ed",
            "owner_id": "535556339197",
            "tags": {
              "Name": "MyIGW"
            },
            "tags_all": {
              "Name": "MyIGW"
            },
            "timeouts": null,
            "vpc_id": "vpc-0f602cd6b9fe39246"
          },
          "sensitive_attributes": [],
          "private": "eyJlMmJmYjczMC1lY2FhLTExZTYtOGY4OC0zNDM2M2JjN2M0YzAiOnsiY3JlYXRlIjoxMjAwMDAwMDAwMDAwLCJkZWxldGUiOjEyMDAwMDAwMDAwMDAsInVwZGF0ZSI6MTIwMDAwMDAwMDAwMH19",
          "dependencies": [
            "module.vpc.aws_vpc.main_vpc"
          ]
        }
      ]
    },
    {
      "module": "module.vpc",
      "mode": "managed",
      "type": "aws_nat_gateway",
      "name": "web_ngw",
      "provider": "provider[\"registry.terraform.io/hashicorp/aws\"]",
      "instances": [
        {
          "index_key": 0,
          "schema_version": 0,
          "attributes": {
            "allocation_id": "eipalloc-0f1147459687f47f7",
            "association_id": "eipassoc-0a4c77cf9441d94b5",
            "connectivity_type": "public",
            "id": "nat-08655d1a73c8d0f6e",
            "network_interface_id": "eni-0f74969122cafc693",
            "private_ip": "10.0.1.57",
            "public_ip": "50.16.100.254",
            "subnet_id": "subnet-0b8fb322b741f9478",
            "tags": {
              "Name": "nat-gateway 1"
            },
            "tags_all": {
              "Name": "nat-gateway 1"
            }
          },
          "sensitive_attributes": [],
          "private": "bnVsbA==",
          "dependencies": [
            "module.vpc.aws_eip.web_eip",
            "module.vpc.aws_internet_gateway.app_ig",
            "module.vpc.aws_subnet.public_subnets",
            "module.vpc.aws_vpc.main_vpc"
          ]
        },
        {
          "index_key": 1,
          "schema_version": 0,
          "attributes": {
            "allocation_id": "eipalloc-02b3b0591406db13c",
            "association_id": "eipassoc-021264e18fe9c0cea",
            "connectivity_type": "public",
            "id": "nat-0cfef4e45d9082e49",
            "network_interface_id": "eni-03408627b829eed07",
            "private_ip": "10.0.1.168",
            "public_ip": "52.7.206.243",
            "subnet_id": "subnet-0b8fb322b741f9478",
            "tags": {
              "Name": "nat-gateway 2"
            },
            "tags_all": {
              "Name": "nat-gateway 2"
            }
          },
          "sensitive_attributes": [],
          "private": "bnVsbA==",
          "dependencies": [
            "module.vpc.aws_eip.web_eip",
            "module.vpc.aws_internet_gateway.app_ig",
            "module.vpc.aws_subnet.public_subnets",
            "module.vpc.aws_vpc.main_vpc"
          ]
        }
      ]
    },
    {
      "module": "module.vpc",
      "mode": "managed",
      "type": "aws_route_table",
      "name": "rtb-private",
      "provider": "provider[\"registry.terraform.io/hashicorp/aws\"]",
      "instances": [
        {
          "index_key": 0,
          "schema_version": 0,
          "attributes": {
            "arn": "arn:aws:ec2:us-east-1:535556339197:route-table/rtb-08052e203ca3f8132",
            "id": "rtb-08052e203ca3f8132",
            "owner_id": "535556339197",
            "propagating_vgws": [],
            "route": [
              {
                "carrier_gateway_id": "",
                "cidr_block": "0.0.0.0/0",
                "core_network_arn": "",
                "destination_prefix_list_id": "",
                "egress_only_gateway_id": "",
                "gateway_id": "",
                "instance_id": "",
                "ipv6_cidr_block": "",
                "local_gateway_id": "",
                "nat_gateway_id": "nat-08655d1a73c8d0f6e",
                "network_interface_id": "",
                "transit_gateway_id": "",
                "vpc_endpoint_id": "",
                "vpc_peering_connection_id": ""
              }
            ],
            "tags": {
              "Name": "private-route-table 1"
            },
            "tags_all": {
              "Name": "private-route-table 1"
            },
            "timeouts": null,
            "vpc_id": "vpc-0f602cd6b9fe39246"
          },
          "sensitive_attributes": [],
          "private": "eyJlMmJmYjczMC1lY2FhLTExZTYtOGY4OC0zNDM2M2JjN2M0YzAiOnsiY3JlYXRlIjozMDAwMDAwMDAwMDAsImRlbGV0ZSI6MzAwMDAwMDAwMDAwLCJ1cGRhdGUiOjEyMDAwMDAwMDAwMH19",
          "dependencies": [
            "module.vpc.aws_eip.web_eip",
            "module.vpc.aws_internet_gateway.app_ig",
            "module.vpc.aws_nat_gateway.web_ngw",
            "module.vpc.aws_subnet.public_subnets",
            "module.vpc.aws_vpc.main_vpc"
          ]
        },
        {
          "index_key": 1,
          "schema_version": 0,
          "attributes": {
            "arn": "arn:aws:ec2:us-east-1:535556339197:route-table/rtb-0e4d926268653f8da",
            "id": "rtb-0e4d926268653f8da",
            "owner_id": "535556339197",
            "propagating_vgws": [],
            "route": [
              {
                "carrier_gateway_id": "",
                "cidr_block": "0.0.0.0/0",
                "core_network_arn": "",
                "destination_prefix_list_id": "",
                "egress_only_gateway_id": "",
                "gateway_id": "",
                "instance_id": "",
                "ipv6_cidr_block": "",
                "local_gateway_id": "",
                "nat_gateway_id": "nat-0cfef4e45d9082e49",
                "network_interface_id": "",
                "transit_gateway_id": "",
                "vpc_endpoint_id": "",
                "vpc_peering_connection_id": ""
              }
            ],
            "tags": {
              "Name": "private-route-table 2"
            },
            "tags_all": {
              "Name": "private-route-table 2"
            },
            "timeouts": null,
            "vpc_id": "vpc-0f602cd6b9fe39246"
          },
          "sensitive_attributes": [],
          "private": "eyJlMmJmYjczMC1lY2FhLTExZTYtOGY4OC0zNDM2M2JjN2M0YzAiOnsiY3JlYXRlIjozMDAwMDAwMDAwMDAsImRlbGV0ZSI6MzAwMDAwMDAwMDAwLCJ1cGRhdGUiOjEyMDAwMDAwMDAwMH19",
          "dependencies": [
            "module.vpc.aws_eip.web_eip",
            "module.vpc.aws_internet_gateway.app_ig",
            "module.vpc.aws_nat_gateway.web_ngw",
            "module.vpc.aws_subnet.public_subnets",
            "module.vpc.aws_vpc.main_vpc"
          ]
        }
      ]
    },
    {
      "module": "module.vpc",
      "mode": "managed",
      "type": "aws_route_table",
      "name": "rtb-public",
      "provider": "provider[\"registry.terraform.io/hashicorp/aws\"]",
      "instances": [
        {
          "schema_version": 0,
          "attributes": {
            "arn": "arn:aws:ec2:us-east-1:535556339197:route-table/rtb-04de41d478e4abbc8",
            "id": "rtb-04de41d478e4abbc8",
            "owner_id": "535556339197",
            "propagating_vgws": [],
            "route": [
              {
                "carrier_gateway_id": "",
                "cidr_block": "0.0.0.0/0",
                "core_network_arn": "",
                "destination_prefix_list_id": "",
                "egress_only_gateway_id": "",
                "gateway_id": "igw-0b43601f552af42ed",
                "instance_id": "",
                "ipv6_cidr_block": "",
                "local_gateway_id": "",
                "nat_gateway_id": "",
                "network_interface_id": "",
                "transit_gateway_id": "",
                "vpc_endpoint_id": "",
                "vpc_peering_connection_id": ""
              }
            ],
            "tags": {
              "Name": "public-route-table-1"
            },
            "tags_all": {
              "Name": "public-route-table-1"
            },
            "timeouts": null,
            "vpc_id": "vpc-0f602cd6b9fe39246"
          },
          "sensitive_attributes": [],
          "private": "eyJlMmJmYjczMC1lY2FhLTExZTYtOGY4OC0zNDM2M2JjN2M0YzAiOnsiY3JlYXRlIjozMDAwMDAwMDAwMDAsImRlbGV0ZSI6MzAwMDAwMDAwMDAwLCJ1cGRhdGUiOjEyMDAwMDAwMDAwMH19",
          "dependencies": [
            "module.vpc.aws_internet_gateway.app_ig",
            "module.vpc.aws_vpc.main_vpc"
          ]
        }
      ]
    },
    {
      "module": "module.vpc",
      "mode": "managed",
      "type": "aws_route_table_association",
      "name": "association",
      "provider": "provider[\"registry.terraform.io/hashicorp/aws\"]",
      "instances": [
        {
          "index_key": 0,
          "schema_version": 0,
          "attributes": {
            "gateway_id": "",
            "id": "rtbassoc-02956e4e26d4fcf9d",
            "route_table_id": "rtb-04de41d478e4abbc8",
            "subnet_id": "subnet-0b8fb322b741f9478",
            "timeouts": null
          },
          "sensitive_attributes": [],
          "private": "eyJlMmJmYjczMC1lY2FhLTExZTYtOGY4OC0zNDM2M2JjN2M0YzAiOnsiY3JlYXRlIjozMDAwMDAwMDAwMDAsImRlbGV0ZSI6MzAwMDAwMDAwMDAwLCJ1cGRhdGUiOjEyMDAwMDAwMDAwMH19",
          "dependencies": [
            "module.vpc.aws_internet_gateway.app_ig",
            "module.vpc.aws_route_table.rtb-public",
            "module.vpc.aws_subnet.public_subnets",
            "module.vpc.aws_vpc.main_vpc"
          ]
        }
      ]
    },
    {
      "module": "module.vpc",
      "mode": "managed",
      "type": "aws_route_table_association",
      "name": "private_association",
      "provider": "provider[\"registry.terraform.io/hashicorp/aws\"]",
      "instances": [
        {
          "index_key": 0,
          "schema_version": 0,
          "attributes": {
            "gateway_id": "",
            "id": "rtbassoc-082c7ef77cb714a4d",
            "route_table_id": "rtb-08052e203ca3f8132",
            "subnet_id": "subnet-0e7591cf94de43a64",
            "timeouts": null
          },
          "sensitive_attributes": [],
          "private": "eyJlMmJmYjczMC1lY2FhLTExZTYtOGY4OC0zNDM2M2JjN2M0YzAiOnsiY3JlYXRlIjozMDAwMDAwMDAwMDAsImRlbGV0ZSI6MzAwMDAwMDAwMDAwLCJ1cGRhdGUiOjEyMDAwMDAwMDAwMH19",
          "dependencies": [
            "module.vpc.aws_eip.web_eip",
            "module.vpc.aws_internet_gateway.app_ig",
            "module.vpc.aws_nat_gateway.web_ngw",
            "module.vpc.aws_route_table.rtb-private",
            "module.vpc.aws_subnet.private_subnets",
            "module.vpc.aws_subnet.public_subnets",
            "module.vpc.aws_vpc.main_vpc"
          ]
        },
        {
          "index_key": 1,
          "schema_version": 0,
          "attributes": {
            "gateway_id": "",
            "id": "rtbassoc-0f20a0acdf5fef630",
            "route_table_id": "rtb-0e4d926268653f8da",
            "subnet_id": "subnet-08b3131b9c7cce58d",
            "timeouts": null
          },
          "sensitive_attributes": [],
          "private": "eyJlMmJmYjczMC1lY2FhLTExZTYtOGY4OC0zNDM2M2JjN2M0YzAiOnsiY3JlYXRlIjozMDAwMDAwMDAwMDAsImRlbGV0ZSI6MzAwMDAwMDAwMDAwLCJ1cGRhdGUiOjEyMDAwMDAwMDAwMH19",
          "dependencies": [
            "module.vpc.aws_eip.web_eip",
            "module.vpc.aws_internet_gateway.app_ig",
            "module.vpc.aws_nat_gateway.web_ngw",
            "module.vpc.aws_route_table.rtb-private",
            "module.vpc.aws_subnet.private_subnets",
            "module.vpc.aws_subnet.public_subnets",
            "module.vpc.aws_vpc.main_vpc"
          ]
        }
      ]
    },
    {
      "module": "module.vpc",
      "mode": "managed",
      "type": "aws_subnet",
      "name": "private_subnets",
      "provider": "provider[\"registry.terraform.io/hashicorp/aws\"]",
      "instances": [
        {
          "index_key": 0,
          "schema_version": 1,
          "attributes": {
            "arn": "arn:aws:ec2:us-east-1:535556339197:subnet/subnet-0e7591cf94de43a64",
            "assign_ipv6_address_on_creation": false,
            "availability_zone": "us-east-1a",
            "availability_zone_id": "use1-az2",
            "cidr_block": "10.0.2.0/24",
            "customer_owned_ipv4_pool": "",
            "enable_dns64": false,
            "enable_lni_at_device_index": 0,
            "enable_resource_name_dns_a_record_on_launch": false,
            "enable_resource_name_dns_aaaa_record_on_launch": false,
            "id": "subnet-0e7591cf94de43a64",
            "ipv6_cidr_block": "",
            "ipv6_cidr_block_association_id": "",
            "ipv6_native": false,
            "map_customer_owned_ip_on_launch": false,
            "map_public_ip_on_launch": false,
            "outpost_arn": "",
            "owner_id": "535556339197",
            "private_dns_hostname_type_on_launch": "ip-name",
            "tags": {
              "Name": "private-subnet-1"
            },
            "tags_all": {
              "Name": "private-subnet-1"
            },
            "timeouts": null,
            "vpc_id": "vpc-0f602cd6b9fe39246"
          },
          "sensitive_attributes": [],
          "private": "eyJlMmJmYjczMC1lY2FhLTExZTYtOGY4OC0zNDM2M2JjN2M0YzAiOnsiY3JlYXRlIjo2MDAwMDAwMDAwMDAsImRlbGV0ZSI6MTIwMDAwMDAwMDAwMH0sInNjaGVtYV92ZXJzaW9uIjoiMSJ9",
          "dependencies": [
            "module.vpc.aws_vpc.main_vpc"
          ]
        },
        {
          "index_key": 1,
          "schema_version": 1,
          "attributes": {
            "arn": "arn:aws:ec2:us-east-1:535556339197:subnet/subnet-08b3131b9c7cce58d",
            "assign_ipv6_address_on_creation": false,
            "availability_zone": "us-east-1b",
            "availability_zone_id": "use1-az4",
            "cidr_block": "10.0.3.0/24",
            "customer_owned_ipv4_pool": "",
            "enable_dns64": false,
            "enable_lni_at_device_index": 0,
            "enable_resource_name_dns_a_record_on_launch": false,
            "enable_resource_name_dns_aaaa_record_on_launch": false,
            "id": "subnet-08b3131b9c7cce58d",
            "ipv6_cidr_block": "",
            "ipv6_cidr_block_association_id": "",
            "ipv6_native": false,
            "map_customer_owned_ip_on_launch": false,
            "map_public_ip_on_launch": false,
            "outpost_arn": "",
            "owner_id": "535556339197",
            "private_dns_hostname_type_on_launch": "ip-name",
            "tags": {
              "Name": "private-subnet-2"
            },
            "tags_all": {
              "Name": "private-subnet-2"
            },
            "timeouts": null,
            "vpc_id": "vpc-0f602cd6b9fe39246"
          },
          "sensitive_attributes": [],
          "private": "eyJlMmJmYjczMC1lY2FhLTExZTYtOGY4OC0zNDM2M2JjN2M0YzAiOnsiY3JlYXRlIjo2MDAwMDAwMDAwMDAsImRlbGV0ZSI6MTIwMDAwMDAwMDAwMH0sInNjaGVtYV92ZXJzaW9uIjoiMSJ9",
          "dependencies": [
            "module.vpc.aws_vpc.main_vpc"
          ]
        }
      ]
    },
    {
      "module": "module.vpc",
      "mode": "managed",
      "type": "aws_subnet",
      "name": "public_subnets",
      "provider": "provider[\"registry.terraform.io/hashicorp/aws\"]",
      "instances": [
        {
          "index_key": 0,
          "schema_version": 1,
          "attributes": {
            "arn": "arn:aws:ec2:us-east-1:535556339197:subnet/subnet-0b8fb322b741f9478",
            "assign_ipv6_address_on_creation": false,
            "availability_zone": "us-east-1a",
            "availability_zone_id": "use1-az2",
            "cidr_block": "10.0.1.0/24",
            "customer_owned_ipv4_pool": "",
            "enable_dns64": false,
            "enable_lni_at_device_index": 0,
            "enable_resource_name_dns_a_record_on_launch": false,
            "enable_resource_name_dns_aaaa_record_on_launch": false,
            "id": "subnet-0b8fb322b741f9478",
            "ipv6_cidr_block": "",
            "ipv6_cidr_block_association_id": "",
            "ipv6_native": false,
            "map_customer_owned_ip_on_launch": false,
            "map_public_ip_on_launch": false,
            "outpost_arn": "",
            "owner_id": "535556339197",
            "private_dns_hostname_type_on_launch": "ip-name",
            "tags": {
              "Name": "public-subnet-1"
            },
            "tags_all": {
              "Name": "public-subnet-1"
            },
            "timeouts": null,
            "vpc_id": "vpc-0f602cd6b9fe39246"
          },
          "sensitive_attributes": [],
          "private": "eyJlMmJmYjczMC1lY2FhLTExZTYtOGY4OC0zNDM2M2JjN2M0YzAiOnsiY3JlYXRlIjo2MDAwMDAwMDAwMDAsImRlbGV0ZSI6MTIwMDAwMDAwMDAwMH0sInNjaGVtYV92ZXJzaW9uIjoiMSJ9",
          "dependencies": [
            "module.vpc.aws_vpc.main_vpc"
          ]
        }
      ]
    },
    {
      "module": "module.vpc",
      "mode": "managed",
      "type": "aws_vpc",
      "name": "main_vpc",
      "provider": "provider[\"registry.terraform.io/hashicorp/aws\"]",
      "instances": [
        {
          "schema_version": 1,
          "attributes": {
            "arn": "arn:aws:ec2:us-east-1:535556339197:vpc/vpc-0f602cd6b9fe39246",
            "assign_generated_ipv6_cidr_block": false,
            "cidr_block": "10.0.0.0/16",
            "default_network_acl_id": "acl-0d7ff25745dc1014a",
            "default_route_table_id": "rtb-015597f3bd535bec5",
            "default_security_group_id": "sg-009022c83448c4c1d",
            "dhcp_options_id": "dopt-02ea70b8c364cf899",
            "enable_classiclink": false,
            "enable_classiclink_dns_support": false,
            "enable_dns_hostnames": true,
            "enable_dns_support": true,
            "enable_network_address_usage_metrics": false,
            "id": "vpc-0f602cd6b9fe39246",
            "instance_tenancy": "default",
            "ipv4_ipam_pool_id": null,
            "ipv4_netmask_length": null,
            "ipv6_association_id": "",
            "ipv6_cidr_block": "",
            "ipv6_cidr_block_network_border_group": "",
            "ipv6_ipam_pool_id": "",
            "ipv6_netmask_length": 0,
            "main_route_table_id": "rtb-015597f3bd535bec5",
            "owner_id": "535556339197",
            "tags": {
              "Name": "web-vpc"
            },
            "tags_all": {
              "Name": "web-vpc"
            }
          },
          "sensitive_attributes": [],
          "private": "eyJzY2hlbWFfdmVyc2lvbiI6IjEifQ=="
        }
      ]
    }
  ],
  "check_results": null
}
